
Microsoft Visual Studio Solution File, Format Version 12.00
# Visual Studio Version 18
VisualStudioVersion = 18.1.11312.151
MinimumVisualStudioVersion = 10.0.40219.1
Project("{FAE04EC0-301F-11D3-BF4B-00C04F79EFBC}") = "UI", "DDD-ERP Sample\UI.csproj", "{B867718C-767D-4FEB-8B46-2A0DA545EBBD}"
EndProject
Project("{FAE04EC0-301F-11D3-BF4B-00C04F79EFBC}") = "Item.Application", "Item.Application\Item.Application.csproj", "{29C0F5C6-09F5-40CD-A3AC-D53043BFEB28}"
EndProject
Project("{FAE04EC0-301F-11D3-BF4B-00C04F79EFBC}") = "Item.Infrastructure", "Item.Infrastracture\Item.Infrastructure.csproj", "{5939D2E6-CBAC-4FFF-85D1-80E58E4A0642}"
EndProject
Project("{FAE04EC0-301F-11D3-BF4B-00C04F79EFBC}") = "Item.Domain", "Item.Domain\Item.Domain.csproj", "{10E7E271-65C6-4D96-AF17-A0B753DCC9D7}"
EndProject
Project("{FAE04EC0-301F-11D3-BF4B-00C04F79EFBC}") = "Item.Infrastructure.Test", "Item.Infrastracture.Test\Item.Infrastructure.Test.csproj", "{84750212-C123-4DF6-B715-B55C21C63068}"
EndProject
Project("{FAE04EC0-301F-11D3-BF4B-00C04F79EFBC}") = "Item.Domain.Test", "Item.Domain.Test\Item.Domain.Test.csproj", "{568CE7AF-C757-4055-ACDF-989B6DD310CE}"
EndProject
Global
	GlobalSection(SolutionConfigurationPlatforms) = preSolution
		Debug|Any CPU = Debug|Any CPU
		Release|Any CPU = Release|Any CPU
	EndGlobalSection
	GlobalSection(ProjectConfigurationPlatforms) = postSolution
		{B867718C-767D-4FEB-8B46-2A0DA545EBBD}.Debug|Any CPU.ActiveCfg = Debug|Any CPU
		{B867718C-767D-4FEB-8B46-2A0DA545EBBD}.Debug|Any CPU.Build.0 = Debug|Any CPU
		{B867718C-767D-4FEB-8B46-2A0DA545EBBD}.Release|Any CPU.ActiveCfg = Release|Any CPU
		{B867718C-767D-4FEB-8B46-2A0DA545EBBD}.Release|Any CPU.Build.0 = Release|Any CPU
		{29C0F5C6-09F5-40CD-A3AC-D53043BFEB28}.Debug|Any CPU.ActiveCfg = Debug|Any CPU
		{29C0F5C6-09F5-40CD-A3AC-D53043BFEB28}.Debug|Any CPU.Build.0 = Debug|Any CPU
		{29C0F5C6-09F5-40CD-A3AC-D53043BFEB28}.Release|Any CPU.ActiveCfg = Release|Any CPU
		{29C0F5C6-09F5-40CD-A3AC-D53043BFEB28}.Release|Any CPU.Build.0 = Release|Any CPU
		{5939D2E6-CBAC-4FFF-85D1-80E58E4A0642}.Debug|Any CPU.ActiveCfg = Debug|Any CPU
		{5939D2E6-CBAC-4FFF-85D1-80E58E4A0642}.Debug|Any CPU.Build.0 = Debug|Any CPU
		{5939D2E6-CBAC-4FFF-85D1-80E58E4A0642}.Release|Any CPU.ActiveCfg = Release|Any CPU
		{5939D2E6-CBAC-4FFF-85D1-80E58E4A0642}.Release|Any CPU.Build.0 = Release|Any CPU
		{10E7E271-65C6-4D96-AF17-A0B753DCC9D7}.Debug|Any CPU.ActiveCfg = Debug|Any CPU
		{10E7E271-65C6-4D96-AF17-A0B753DCC9D7}.Debug|Any CPU.Build.0 = Debug|Any CPU
		{10E7E271-65C6-4D96-AF17-A0B753DCC9D7}.Release|Any CPU.ActiveCfg = Release|Any CPU
		{10E7E271-65C6-4D96-AF17-A0B753DCC9D7}.Release|Any CPU.Build.0 = Release|Any CPU
		{84750212-C123-4DF6-B715-B55C21C63068}.Debug|Any CPU.ActiveCfg = Debug|Any CPU
		{84750212-C123-4DF6-B715-B55C21C63068}.Debug|Any CPU.Build.0 = Debug|Any CPU
		{84750212-C123-4DF6-B715-B55C21C63068}.Release|Any CPU.ActiveCfg = Release|Any CPU
		{84750212-C123-4DF6-B715-B55C21C63068}.Release|Any CPU.Build.0 = Release|Any CPU
		{568CE7AF-C757-4055-ACDF-989B6DD310CE}.Debug|Any CPU.ActiveCfg = Debug|Any CPU
		{568CE7AF-C757-4055-ACDF-989B6DD310CE}.Debug|Any CPU.Build.0 = Debug|Any CPU
		{568CE7AF-C757-4055-ACDF-989B6DD310CE}.Release|Any CPU.ActiveCfg = Release|Any CPU
		{568CE7AF-C757-4055-ACDF-989B6DD310CE}.Release|Any CPU.Build.0 = Release|Any CPU
	EndGlobalSection
	GlobalSection(SolutionProperties) = preSolution
		HideSolutionNode = FALSE
	EndGlobalSection
	GlobalSection(ExtensibilityGlobals) = postSolution
		SolutionGuid = {E32A48E2-AC9B-4AA1-BE84-042D78F47F8A}
	EndGlobalSection
EndGlobal
